
Microsoft Visual Studio Solution File, Format Version 12.00
Project("{FAE04EC0-301F-11D3-BF4B-00C04F79EFBC}") = "TraversalCoreProje", "TraversalCoreProje\TraversalCoreProje.csproj", "{7B7E7EED-A88E-420F-B027-560EF9143F0B}"
EndProject
Project("{FAE04EC0-301F-11D3-BF4B-00C04F79EFBC}") = "EntityLayer", "EntityLayer\EntityLayer.csproj", "{C064534E-821D-42A5-8AB2-DA5B4EF8AED0}"
EndProject
Project("{FAE04EC0-301F-11D3-BF4B-00C04F79EFBC}") = "DataAccessLayer", "DataAccessLayer\DataAccessLayer.csproj", "{47EC405E-617C-40B7-9668-A0F8CB829C76}"
EndProject
Project("{FAE04EC0-301F-11D3-BF4B-00C04F79EFBC}") = "BusinessLayer", "BusinessLayer\BusinessLayer.csproj", "{859D43EC-A0FE-4B76-BE3B-96C6776631EE}"
EndProject
Project("{FAE04EC0-301F-11D3-BF4B-00C04F79EFBC}") = "DTOLayer", "DTOLayer\DTOLayer.csproj", "{D04DE9E2-7B53-476B-8562-A95467F089FE}"
EndProject
Global
	GlobalSection(SolutionConfigurationPlatforms) = preSolution
		Debug|Any CPU = Debug|Any CPU
		Release|Any CPU = Release|Any CPU
	EndGlobalSection
	GlobalSection(ProjectConfigurationPlatforms) = postSolution
		{7B7E7EED-A88E-420F-B027-560EF9143F0B}.Debug|Any CPU.ActiveCfg = Debug|Any CPU
		{7B7E7EED-A88E-420F-B027-560EF9143F0B}.Debug|Any CPU.Build.0 = Debug|Any CPU
		{7B7E7EED-A88E-420F-B027-560EF9143F0B}.Release|Any CPU.ActiveCfg = Release|Any CPU
		{7B7E7EED-A88E-420F-B027-560EF9143F0B}.Release|Any CPU.Build.0 = Release|Any CPU
		{C064534E-821D-42A5-8AB2-DA5B4EF8AED0}.Debug|Any CPU.ActiveCfg = Debug|Any CPU
		{C064534E-821D-42A5-8AB2-DA5B4EF8AED0}.Debug|Any CPU.Build.0 = Debug|Any CPU
		{C064534E-821D-42A5-8AB2-DA5B4EF8AED0}.Release|Any CPU.ActiveCfg = Release|Any CPU
		{C064534E-821D-42A5-8AB2-DA5B4EF8AED0}.Release|Any CPU.Build.0 = Release|Any CPU
		{47EC405E-617C-40B7-9668-A0F8CB829C76}.Debug|Any CPU.ActiveCfg = Debug|Any CPU
		{47EC405E-617C-40B7-9668-A0F8CB829C76}.Debug|Any CPU.Build.0 = Debug|Any CPU
		{47EC405E-617C-40B7-9668-A0F8CB829C76}.Release|Any CPU.ActiveCfg = Release|Any CPU
		{47EC405E-617C-40B7-9668-A0F8CB829C76}.Release|Any CPU.Build.0 = Release|Any CPU
		{859D43EC-A0FE-4B76-BE3B-96C6776631EE}.Debug|Any CPU.ActiveCfg = Debug|Any CPU
		{859D43EC-A0FE-4B76-BE3B-96C6776631EE}.Debug|Any CPU.Build.0 = Debug|Any CPU
		{859D43EC-A0FE-4B76-BE3B-96C6776631EE}.Release|Any CPU.ActiveCfg = Release|Any CPU
		{859D43EC-A0FE-4B76-BE3B-96C6776631EE}.Release|Any CPU.Build.0 = Release|Any CPU
		{D04DE9E2-7B53-476B-8562-A95467F089FE}.Debug|Any CPU.ActiveCfg = Debug|Any CPU
		{D04DE9E2-7B53-476B-8562-A95467F089FE}.Debug|Any CPU.Build.0 = Debug|Any CPU
		{D04DE9E2-7B53-476B-8562-A95467F089FE}.Release|Any CPU.ActiveCfg = Release|Any CPU
		{D04DE9E2-7B53-476B-8562-A95467F089FE}.Release|Any CPU.Build.0 = Release|Any CPU
	EndGlobalSection
EndGlobal
